
Microsoft Visual Studio Solution File, Format Version 12.00
# Visual Studio Version 17
VisualStudioVersion = 17.13.35818.85 d17.13
MinimumVisualStudioVersion = 10.0.40219.1
Project("{FAE04EC0-301F-11D3-BF4B-00C04F79EFBC}") = "ShapeFileData", "ShapeFileData\ShapeFileData.csproj", "{40C7C529-8349-4430-BB31-F09883F43CFE}"
EndProject
Global
	GlobalSection(SolutionConfigurationPlatforms) = preSolution
		Debug|Any CPU = Debug|Any CPU
		Release|Any CPU = Release|Any CPU
	EndGlobalSection
	GlobalSection(ProjectConfigurationPlatforms) = postSolution
		{40C7C529-8349-4430-BB31-F09883F43CFE}.Debug|Any CPU.ActiveCfg = Debug|Any CPU
		{40C7C529-8349-4430-BB31-F09883F43CFE}.Debug|Any CPU.Build.0 = Debug|Any CPU
		{40C7C529-8349-4430-BB31-F09883F43CFE}.Release|Any CPU.ActiveCfg = Release|Any CPU
		{40C7C529-8349-4430-BB31-F09883F43CFE}.Release|Any CPU.Build.0 = Release|Any CPU
	EndGlobalSection
	GlobalSection(SolutionProperties) = preSolution
		HideSolutionNode = FALSE
	EndGlobalSection
	GlobalSection(ExtensibilityGlobals) = postSolution
		SolutionGuid = {CA09A1D4-E3A6-487F-9E7B-FB418CE31835}
	EndGlobalSection
EndGlobal
